
Microsoft Visual Studio Solution File, Format Version 12.00
# Visual Studio Version 16
VisualStudioVersion = 16.0.30503.244
MinimumVisualStudioVersion = 10.0.40219.1
Project("{FAE04EC0-301F-11D3-BF4B-00C04F79EFBC}") = "HrySTextem", "HrySTextem\HrySTextem.csproj", "{0A2C8333-9D41-4A0B-9053-375F51C5B6CC}"
EndProject
Global
	GlobalSection(SolutionConfigurationPlatforms) = preSolution
		Debug|Any CPU = Debug|Any CPU
		Release|Any CPU = Release|Any CPU
	EndGlobalSection
	GlobalSection(ProjectConfigurationPlatforms) = postSolution
		{0A2C8333-9D41-4A0B-9053-375F51C5B6CC}.Debug|Any CPU.ActiveCfg = Debug|Any CPU
		{0A2C8333-9D41-4A0B-9053-375F51C5B6CC}.Debug|Any CPU.Build.0 = Debug|Any CPU
		{0A2C8333-9D41-4A0B-9053-375F51C5B6CC}.Release|Any CPU.ActiveCfg = Release|Any CPU
		{0A2C8333-9D41-4A0B-9053-375F51C5B6CC}.Release|Any CPU.Build.0 = Release|Any CPU
	EndGlobalSection
	GlobalSection(SolutionProperties) = preSolution
		HideSolutionNode = FALSE
	EndGlobalSection
	GlobalSection(ExtensibilityGlobals) = postSolution
		SolutionGuid = {0EE3D659-8867-457B-8522-3DF323AFADA3}
	EndGlobalSection
EndGlobal
